
Microsoft Visual Studio Solution File, Format Version 12.00
# Visual Studio Version 17
VisualStudioVersion = 17.0.31903.59
MinimumVisualStudioVersion = 10.0.40219.1
Project("{2150E333-8FDC-42A3-9474-1A3956D46DE8}") = "src", "src", "{827E0CD3-B72D-47B6-A68D-7590B98EB39B}"
EndProject
Project("{FAE04EC0-301F-11D3-BF4B-00C04F79EFBC}") = "VaultGuard.Domain", "src\VaultGuard.Domain\VaultGuard.Domain.csproj", "{ED4EB32A-9910-430C-AFBA-2C7986276E85}"
EndProject
Project("{FAE04EC0-301F-11D3-BF4B-00C04F79EFBC}") = "VaultGuard.Application", "src\VaultGuard.Application\VaultGuard.Application.csproj", "{D191049B-C4A7-4866-9994-AB742691D2B9}"
EndProject
Project("{FAE04EC0-301F-11D3-BF4B-00C04F79EFBC}") = "VaultGuard.Infrastructure", "src\VaultGuard.Infrastructure\VaultGuard.Infrastructure.csproj", "{7AB5E87D-2CE5-4DD0-8C19-E52ADDCBF67D}"
EndProject
Project("{FAE04EC0-301F-11D3-BF4B-00C04F79EFBC}") = "VaultGuard.WebAPI", "src\VaultGuard.WebAPI\VaultGuard.WebAPI.csproj", "{E356EDAD-2193-454F-8167-10588CF9CFA0}"
EndProject
Project("{2150E333-8FDC-42A3-9474-1A3956D46DE8}") = "tests", "tests", "{0AB3BF05-4346-4AA6-1389-037BE0695223}"
EndProject
Project("{FAE04EC0-301F-11D3-BF4B-00C04F79EFBC}") = "VaultGuard.Domain.Tests", "tests\VaultGuard.Domain.Tests\VaultGuard.Domain.Tests.csproj", "{AB530522-7306-4E07-A27D-61199BC68630}"
EndProject
Project("{FAE04EC0-301F-11D3-BF4B-00C04F79EFBC}") = "VaultGuard.Infrastructure.Tests", "tests\VaultGuard.Infrastructure.Tests\VaultGuard.Infrastructure.Tests.csproj", "{FBB5B346-97B1-473C-A2D0-59894E5D1BAB}"
EndProject
Global
	GlobalSection(SolutionConfigurationPlatforms) = preSolution
		Debug|Any CPU = Debug|Any CPU
		Debug|x64 = Debug|x64
		Debug|x86 = Debug|x86
		Release|Any CPU = Release|Any CPU
		Release|x64 = Release|x64
		Release|x86 = Release|x86
	EndGlobalSection
	GlobalSection(ProjectConfigurationPlatforms) = postSolution
		{ED4EB32A-9910-430C-AFBA-2C7986276E85}.Debug|Any CPU.ActiveCfg = Debug|Any CPU
		{ED4EB32A-9910-430C-AFBA-2C7986276E85}.Debug|Any CPU.Build.0 = Debug|Any CPU
		{ED4EB32A-9910-430C-AFBA-2C7986276E85}.Debug|x64.ActiveCfg = Debug|Any CPU
		{ED4EB32A-9910-430C-AFBA-2C7986276E85}.Debug|x64.Build.0 = Debug|Any CPU
		{ED4EB32A-9910-430C-AFBA-2C7986276E85}.Debug|x86.ActiveCfg = Debug|Any CPU
		{ED4EB32A-9910-430C-AFBA-2C7986276E85}.Debug|x86.Build.0 = Debug|Any CPU
		{ED4EB32A-9910-430C-AFBA-2C7986276E85}.Release|Any CPU.ActiveCfg = Release|Any CPU
		{ED4EB32A-9910-430C-AFBA-2C7986276E85}.Release|Any CPU.Build.0 = Release|Any CPU
		{ED4EB32A-9910-430C-AFBA-2C7986276E85}.Release|x64.ActiveCfg = Release|Any CPU
		{ED4EB32A-9910-430C-AFBA-2C7986276E85}.Release|x64.Build.0 = Release|Any CPU
		{ED4EB32A-9910-430C-AFBA-2C7986276E85}.Release|x86.ActiveCfg = Release|Any CPU
		{ED4EB32A-9910-430C-AFBA-2C7986276E85}.Release|x86.Build.0 = Release|Any CPU
		{D191049B-C4A7-4866-9994-AB742691D2B9}.Debug|Any CPU.ActiveCfg = Debug|Any CPU
		{D191049B-C4A7-4866-9994-AB742691D2B9}.Debug|Any CPU.Build.0 = Debug|Any CPU
		{D191049B-C4A7-4866-9994-AB742691D2B9}.Debug|x64.ActiveCfg = Debug|Any CPU
		{D191049B-C4A7-4866-9994-AB742691D2B9}.Debug|x64.Build.0 = Debug|Any CPU
		{D191049B-C4A7-4866-9994-AB742691D2B9}.Debug|x86.ActiveCfg = Debug|Any CPU
		{D191049B-C4A7-4866-9994-AB742691D2B9}.Debug|x86.Build.0 = Debug|Any CPU
		{D191049B-C4A7-4866-9994-AB742691D2B9}.Release|Any CPU.ActiveCfg = Release|Any CPU
		{D191049B-C4A7-4866-9994-AB742691D2B9}.Release|Any CPU.Build.0 = Release|Any CPU
		{D191049B-C4A7-4866-9994-AB742691D2B9}.Release|x64.ActiveCfg = Release|Any CPU
		{D191049B-C4A7-4866-9994-AB742691D2B9}.Release|x64.Build.0 = Release|Any CPU
		{D191049B-C4A7-4866-9994-AB742691D2B9}.Release|x86.ActiveCfg = Release|Any CPU
		{D191049B-C4A7-4866-9994-AB742691D2B9}.Release|x86.Build.0 = Release|Any CPU
		{7AB5E87D-2CE5-4DD0-8C19-E52ADDCBF67D}.Debug|Any CPU.ActiveCfg = Debug|Any CPU
		{7AB5E87D-2CE5-4DD0-8C19-E52ADDCBF67D}.Debug|Any CPU.Build.0 = Debug|Any CPU
		{7AB5E87D-2CE5-4DD0-8C19-E52ADDCBF67D}.Debug|x64.ActiveCfg = Debug|Any CPU
		{7AB5E87D-2CE5-4DD0-8C19-E52ADDCBF67D}.Debug|x64.Build.0 = Debug|Any CPU
		{7AB5E87D-2CE5-4DD0-8C19-E52ADDCBF67D}.Debug|x86.ActiveCfg = Debug|Any CPU
		{7AB5E87D-2CE5-4DD0-8C19-E52ADDCBF67D}.Debug|x86.Build.0 = Debug|Any CPU
		{7AB5E87D-2CE5-4DD0-8C19-E52ADDCBF67D}.Release|Any CPU.ActiveCfg = Release|Any CPU
		{7AB5E87D-2CE5-4DD0-8C19-E52ADDCBF67D}.Release|Any CPU.Build.0 = Release|Any CPU
		{7AB5E87D-2CE5-4DD0-8C19-E52ADDCBF67D}.Release|x64.ActiveCfg = Release|Any CPU
		{7AB5E87D-2CE5-4DD0-8C19-E52ADDCBF67D}.Release|x64.Build.0 = Release|Any CPU
		{7AB5E87D-2CE5-4DD0-8C19-E52ADDCBF67D}.Release|x86.ActiveCfg = Release|Any CPU
		{7AB5E87D-2CE5-4DD0-8C19-E52ADDCBF67D}.Release|x86.Build.0 = Release|Any CPU
		{E356EDAD-2193-454F-8167-10588CF9CFA0}.Debug|Any CPU.ActiveCfg = Debug|Any CPU
		{E356EDAD-2193-454F-8167-10588CF9CFA0}.Debug|Any CPU.Build.0 = Debug|Any CPU
		{E356EDAD-2193-454F-8167-10588CF9CFA0}.Debug|x64.ActiveCfg = Debug|Any CPU
		{E356EDAD-2193-454F-8167-10588CF9CFA0}.Debug|x64.Build.0 = Debug|Any CPU
		{E356EDAD-2193-454F-8167-10588CF9CFA0}.Debug|x86.ActiveCfg = Debug|Any CPU
		{E356EDAD-2193-454F-8167-10588CF9CFA0}.Debug|x86.Build.0 = Debug|Any CPU
		{E356EDAD-2193-454F-8167-10588CF9CFA0}.Release|Any CPU.ActiveCfg = Release|Any CPU
		{E356EDAD-2193-454F-8167-10588CF9CFA0}.Release|Any CPU.Build.0 = Release|Any CPU
		{E356EDAD-2193-454F-8167-10588CF9CFA0}.Release|x64.ActiveCfg = Release|Any CPU
		{E356EDAD-2193-454F-8167-10588CF9CFA0}.Release|x64.Build.0 = Release|Any CPU
		{E356EDAD-2193-454F-8167-10588CF9CFA0}.Release|x86.ActiveCfg = Release|Any CPU
		{E356EDAD-2193-454F-8167-10588CF9CFA0}.Release|x86.Build.0 = Release|Any CPU
		{AB530522-7306-4E07-A27D-61199BC68630}.Debug|Any CPU.ActiveCfg = Debug|Any CPU
		{AB530522-7306-4E07-A27D-61199BC68630}.Debug|Any CPU.Build.0 = Debug|Any CPU
		{AB530522-7306-4E07-A27D-61199BC68630}.Debug|x64.ActiveCfg = Debug|Any CPU
		{AB530522-7306-4E07-A27D-61199BC68630}.Debug|x64.Build.0 = Debug|Any CPU
		{AB530522-7306-4E07-A27D-61199BC68630}.Debug|x86.ActiveCfg = Debug|Any CPU
		{AB530522-7306-4E07-A27D-61199BC68630}.Debug|x86.Build.0 = Debug|Any CPU
		{AB530522-7306-4E07-A27D-61199BC68630}.Release|Any CPU.ActiveCfg = Release|Any CPU
		{AB530522-7306-4E07-A27D-61199BC68630}.Release|Any CPU.Build.0 = Release|Any CPU
		{AB530522-7306-4E07-A27D-61199BC68630}.Release|x64.ActiveCfg = Release|Any CPU
		{AB530522-7306-4E07-A27D-61199BC68630}.Release|x64.Build.0 = Release|Any CPU
		{AB530522-7306-4E07-A27D-61199BC68630}.Release|x86.ActiveCfg = Release|Any CPU
		{AB530522-7306-4E07-A27D-61199BC68630}.Release|x86.Build.0 = Release|Any CPU
		{FBB5B346-97B1-473C-A2D0-59894E5D1BAB}.Debug|Any CPU.ActiveCfg = Debug|Any CPU
		{FBB5B346-97B1-473C-A2D0-59894E5D1BAB}.Debug|Any CPU.Build.0 = Debug|Any CPU
		{FBB5B346-97B1-473C-A2D0-59894E5D1BAB}.Debug|x64.ActiveCfg = Debug|Any CPU
		{FBB5B346-97B1-473C-A2D0-59894E5D1BAB}.Debug|x64.Build.0 = Debug|Any CPU
		{FBB5B346-97B1-473C-A2D0-59894E5D1BAB}.Debug|x86.ActiveCfg = Debug|Any CPU
		{FBB5B346-97B1-473C-A2D0-59894E5D1BAB}.Debug|x86.Build.0 = Debug|Any CPU
		{FBB5B346-97B1-473C-A2D0-59894E5D1BAB}.Release|Any CPU.ActiveCfg = Release|Any CPU
		{FBB5B346-97B1-473C-A2D0-59894E5D1BAB}.Release|Any CPU.Build.0 = Release|Any CPU
		{FBB5B346-97B1-473C-A2D0-59894E5D1BAB}.Release|x64.ActiveCfg = Release|Any CPU
		{FBB5B346-97B1-473C-A2D0-59894E5D1BAB}.Release|x64.Build.0 = Release|Any CPU
		{FBB5B346-97B1-473C-A2D0-59894E5D1BAB}.Release|x86.ActiveCfg = Release|Any CPU
		{FBB5B346-97B1-473C-A2D0-59894E5D1BAB}.Release|x86.Build.0 = Release|Any CPU
	EndGlobalSection
	GlobalSection(SolutionProperties) = preSolution
		HideSolutionNode = FALSE
	EndGlobalSection
	GlobalSection(NestedProjects) = preSolution
		{ED4EB32A-9910-430C-AFBA-2C7986276E85} = {827E0CD3-B72D-47B6-A68D-7590B98EB39B}
		{D191049B-C4A7-4866-9994-AB742691D2B9} = {827E0CD3-B72D-47B6-A68D-7590B98EB39B}
		{7AB5E87D-2CE5-4DD0-8C19-E52ADDCBF67D} = {827E0CD3-B72D-47B6-A68D-7590B98EB39B}
		{E356EDAD-2193-454F-8167-10588CF9CFA0} = {827E0CD3-B72D-47B6-A68D-7590B98EB39B}
		{AB530522-7306-4E07-A27D-61199BC68630} = {0AB3BF05-4346-4AA6-1389-037BE0695223}
		{FBB5B346-97B1-473C-A2D0-59894E5D1BAB} = {0AB3BF05-4346-4AA6-1389-037BE0695223}
	EndGlobalSection
EndGlobal
