
Microsoft Visual Studio Solution File, Format Version 12.00
# Visual Studio Version 17
VisualStudioVersion = 17.0.31903.59
MinimumVisualStudioVersion = 10.0.40219.1
Project("{FAE04EC0-301F-11D3-BF4B-00C04F79EFBC}") = "VaultGuard.Domain", "VaultGuard.Domain\VaultGuard.Domain.csproj", "{D775427E-9EE4-4CEC-83AF-DF9B341A3C2C}"
EndProject
Project("{FAE04EC0-301F-11D3-BF4B-00C04F79EFBC}") = "VaultGuard.Application", "VaultGuard.Application\VaultGuard.Application.csproj", "{9CC36025-B6D7-4144-A325-6FB4556B3626}"
EndProject
Project("{FAE04EC0-301F-11D3-BF4B-00C04F79EFBC}") = "VaultGuard.Infrastructure", "VaultGuard.Infrastructure\VaultGuard.Infrastructure.csproj", "{A256941D-F692-48AF-8238-EFFF784EC4FF}"
EndProject
Project("{FAE04EC0-301F-11D3-BF4B-00C04F79EFBC}") = "VaultGuard.WebAPI", "VaultGuard.WebAPI\VaultGuard.WebAPI.csproj", "{F4C8E86C-DDAE-4FBD-B4CA-AD57DD560029}"
EndProject
Global
	GlobalSection(SolutionConfigurationPlatforms) = preSolution
		Debug|Any CPU = Debug|Any CPU
		Debug|x64 = Debug|x64
		Debug|x86 = Debug|x86
		Release|Any CPU = Release|Any CPU
		Release|x64 = Release|x64
		Release|x86 = Release|x86
	EndGlobalSection
	GlobalSection(ProjectConfigurationPlatforms) = postSolution
		{D775427E-9EE4-4CEC-83AF-DF9B341A3C2C}.Debug|Any CPU.ActiveCfg = Debug|Any CPU
		{D775427E-9EE4-4CEC-83AF-DF9B341A3C2C}.Debug|Any CPU.Build.0 = Debug|Any CPU
		{D775427E-9EE4-4CEC-83AF-DF9B341A3C2C}.Debug|x64.ActiveCfg = Debug|Any CPU
		{D775427E-9EE4-4CEC-83AF-DF9B341A3C2C}.Debug|x64.Build.0 = Debug|Any CPU
		{D775427E-9EE4-4CEC-83AF-DF9B341A3C2C}.Debug|x86.ActiveCfg = Debug|Any CPU
		{D775427E-9EE4-4CEC-83AF-DF9B341A3C2C}.Debug|x86.Build.0 = Debug|Any CPU
		{D775427E-9EE4-4CEC-83AF-DF9B341A3C2C}.Release|Any CPU.ActiveCfg = Release|Any CPU
		{D775427E-9EE4-4CEC-83AF-DF9B341A3C2C}.Release|Any CPU.Build.0 = Release|Any CPU
		{D775427E-9EE4-4CEC-83AF-DF9B341A3C2C}.Release|x64.ActiveCfg = Release|Any CPU
		{D775427E-9EE4-4CEC-83AF-DF9B341A3C2C}.Release|x64.Build.0 = Release|Any CPU
		{D775427E-9EE4-4CEC-83AF-DF9B341A3C2C}.Release|x86.ActiveCfg = Release|Any CPU
		{D775427E-9EE4-4CEC-83AF-DF9B341A3C2C}.Release|x86.Build.0 = Release|Any CPU
		{9CC36025-B6D7-4144-A325-6FB4556B3626}.Debug|Any CPU.ActiveCfg = Debug|Any CPU
		{9CC36025-B6D7-4144-A325-6FB4556B3626}.Debug|Any CPU.Build.0 = Debug|Any CPU
		{9CC36025-B6D7-4144-A325-6FB4556B3626}.Debug|x64.ActiveCfg = Debug|Any CPU
		{9CC36025-B6D7-4144-A325-6FB4556B3626}.Debug|x64.Build.0 = Debug|Any CPU
		{9CC36025-B6D7-4144-A325-6FB4556B3626}.Debug|x86.ActiveCfg = Debug|Any CPU
		{9CC36025-B6D7-4144-A325-6FB4556B3626}.Debug|x86.Build.0 = Debug|Any CPU
		{9CC36025-B6D7-4144-A325-6FB4556B3626}.Release|Any CPU.ActiveCfg = Release|Any CPU
		{9CC36025-B6D7-4144-A325-6FB4556B3626}.Release|Any CPU.Build.0 = Release|Any CPU
		{9CC36025-B6D7-4144-A325-6FB4556B3626}.Release|x64.ActiveCfg = Release|Any CPU
		{9CC36025-B6D7-4144-A325-6FB4556B3626}.Release|x64.Build.0 = Release|Any CPU
		{9CC36025-B6D7-4144-A325-6FB4556B3626}.Release|x86.ActiveCfg = Release|Any CPU
		{9CC36025-B6D7-4144-A325-6FB4556B3626}.Release|x86.Build.0 = Release|Any CPU
		{A256941D-F692-48AF-8238-EFFF784EC4FF}.Debug|Any CPU.ActiveCfg = Debug|Any CPU
		{A256941D-F692-48AF-8238-EFFF784EC4FF}.Debug|Any CPU.Build.0 = Debug|Any CPU
		{A256941D-F692-48AF-8238-EFFF784EC4FF}.Debug|x64.ActiveCfg = Debug|Any CPU
		{A256941D-F692-48AF-8238-EFFF784EC4FF}.Debug|x64.Build.0 = Debug|Any CPU
		{A256941D-F692-48AF-8238-EFFF784EC4FF}.Debug|x86.ActiveCfg = Debug|Any CPU
		{A256941D-F692-48AF-8238-EFFF784EC4FF}.Debug|x86.Build.0 = Debug|Any CPU
		{A256941D-F692-48AF-8238-EFFF784EC4FF}.Release|Any CPU.ActiveCfg = Release|Any CPU
		{A256941D-F692-48AF-8238-EFFF784EC4FF}.Release|Any CPU.Build.0 = Release|Any CPU
		{A256941D-F692-48AF-8238-EFFF784EC4FF}.Release|x64.ActiveCfg = Release|Any CPU
		{A256941D-F692-48AF-8238-EFFF784EC4FF}.Release|x64.Build.0 = Release|Any CPU
		{A256941D-F692-48AF-8238-EFFF784EC4FF}.Release|x86.ActiveCfg = Release|Any CPU
		{A256941D-F692-48AF-8238-EFFF784EC4FF}.Release|x86.Build.0 = Release|Any CPU
		{F4C8E86C-DDAE-4FBD-B4CA-AD57DD560029}.Debug|Any CPU.ActiveCfg = Debug|Any CPU
		{F4C8E86C-DDAE-4FBD-B4CA-AD57DD560029}.Debug|Any CPU.Build.0 = Debug|Any CPU
		{F4C8E86C-DDAE-4FBD-B4CA-AD57DD560029}.Debug|x64.ActiveCfg = Debug|Any CPU
		{F4C8E86C-DDAE-4FBD-B4CA-AD57DD560029}.Debug|x64.Build.0 = Debug|Any CPU
		{F4C8E86C-DDAE-4FBD-B4CA-AD57DD560029}.Debug|x86.ActiveCfg = Debug|Any CPU
		{F4C8E86C-DDAE-4FBD-B4CA-AD57DD560029}.Debug|x86.Build.0 = Debug|Any CPU
		{F4C8E86C-DDAE-4FBD-B4CA-AD57DD560029}.Release|Any CPU.ActiveCfg = Release|Any CPU
		{F4C8E86C-DDAE-4FBD-B4CA-AD57DD560029}.Release|Any CPU.Build.0 = Release|Any CPU
		{F4C8E86C-DDAE-4FBD-B4CA-AD57DD560029}.Release|x64.ActiveCfg = Release|Any CPU
		{F4C8E86C-DDAE-4FBD-B4CA-AD57DD560029}.Release|x64.Build.0 = Release|Any CPU
		{F4C8E86C-DDAE-4FBD-B4CA-AD57DD560029}.Release|x86.ActiveCfg = Release|Any CPU
		{F4C8E86C-DDAE-4FBD-B4CA-AD57DD560029}.Release|x86.Build.0 = Release|Any CPU
	EndGlobalSection
	GlobalSection(SolutionProperties) = preSolution
		HideSolutionNode = FALSE
	EndGlobalSection
EndGlobal
